
Microsoft Visual Studio Solution File, Format Version 12.00
# Visual Studio Version 17
VisualStudioVersion = 17.11.35303.130
MinimumVisualStudioVersion = 10.0.40219.1
Project("{2150E333-8FDC-42A3-9474-1A3956D46DE8}") = "src", "src", "{C641A235-C83C-453A-84A1-90B1A249C1F3}"
EndProject
Project("{2150E333-8FDC-42A3-9474-1A3956D46DE8}") = "Services", "Services", "{89ED5125-487E-473B-8BE2-132CA8D8965D}"
EndProject
Project("{2150E333-8FDC-42A3-9474-1A3956D46DE8}") = "Building Blocks", "Building Blocks", "{9BC1B52E-F499-4D86-8735-801E9F294BFE}"
EndProject
Project("{2150E333-8FDC-42A3-9474-1A3956D46DE8}") = "ApiGateway", "ApiGateway", "{769E993F-D6B4-4B93-91AC-576EB3039461}"
EndProject
Project("{2150E333-8FDC-42A3-9474-1A3956D46DE8}") = "Identidade", "Identidade", "{80C88C06-B4D9-447F-A23F-DFDDCB68965A}"
EndProject
Project("{9A19103F-16F7-4668-BE54-9A1E7A4F7556}") = "BTG.Identidade.API", "src\services\BTG.Identidade\BTG.Identidade.API.csproj", "{0A607706-426D-446D-8A16-B5F98B0D6DAD}"
EndProject
Project("{2150E333-8FDC-42A3-9474-1A3956D46DE8}") = "Produtos", "Produtos", "{C9DFDFE6-E867-4E9A-8DE1-66784E8238C3}"
EndProject
Project("{2150E333-8FDC-42A3-9474-1A3956D46DE8}") = "Core", "Core", "{883438BC-3B8E-4B1C-A009-57D1E8527214}"
EndProject
Project("{9A19103F-16F7-4668-BE54-9A1E7A4F7556}") = "BTG.Core", "src\building blocks\BTG.Core\BTG.Core.csproj", "{092D053B-3B80-4D20-A712-E5EF43399AE2}"
EndProject
Project("{2150E333-8FDC-42A3-9474-1A3956D46DE8}") = "Services", "Services", "{883E2A7A-E347-45DC-AD9A-F8C2592CCAB0}"
EndProject
Project("{9A19103F-16F7-4668-BE54-9A1E7A4F7556}") = "BTG.WebAPI.Core", "src\building blocks\BTG.WebAPI.Core\BTG.WebAPI.Core.csproj", "{98238B1B-9970-4536-9454-ACC0CB8FDD71}"
EndProject
Project("{2150E333-8FDC-42A3-9474-1A3956D46DE8}") = "Clientes", "Clientes", "{C1387E04-D442-462F-9864-34A15B986BAC}"
EndProject
Project("{FAE04EC0-301F-11D3-BF4B-00C04F79EFBC}") = "BTG.Clientes.API", "src\services\BTG.Clientes.API\BTG.Clientes.API.csproj", "{FD6065EE-D5EF-44E9-83A8-BD9BD3A8A2E2}"
EndProject
Project("{FAE04EC0-301F-11D3-BF4B-00C04F79EFBC}") = "BTG.Clientes.Application", "src\services\BTG.Clientes.Aplication\BTG.Clientes.Application.csproj", "{4F76C17C-7423-4865-885E-5A0ECDA8A84C}"
EndProject
Project("{FAE04EC0-301F-11D3-BF4B-00C04F79EFBC}") = "BTG.Clientes.Domain", "src\services\BTG.Clientes.Domain\BTG.Clientes.Domain.csproj", "{840093D2-4523-4496-986B-3C40F8F2D390}"
EndProject
Project("{FAE04EC0-301F-11D3-BF4B-00C04F79EFBC}") = "BTG.Clientes.Infra", "src\services\BTG.Clientes.Infra\BTG.Clientes.Infra.csproj", "{82E148D7-86EE-45A9-8BE6-D8DE37F52444}"
EndProject
Global
	GlobalSection(SolutionConfigurationPlatforms) = preSolution
		Debug|Any CPU = Debug|Any CPU
		Release|Any CPU = Release|Any CPU
	EndGlobalSection
	GlobalSection(ProjectConfigurationPlatforms) = postSolution
		{0A607706-426D-446D-8A16-B5F98B0D6DAD}.Debug|Any CPU.ActiveCfg = Debug|Any CPU
		{0A607706-426D-446D-8A16-B5F98B0D6DAD}.Debug|Any CPU.Build.0 = Debug|Any CPU
		{0A607706-426D-446D-8A16-B5F98B0D6DAD}.Release|Any CPU.ActiveCfg = Release|Any CPU
		{0A607706-426D-446D-8A16-B5F98B0D6DAD}.Release|Any CPU.Build.0 = Release|Any CPU
		{092D053B-3B80-4D20-A712-E5EF43399AE2}.Debug|Any CPU.ActiveCfg = Debug|Any CPU
		{092D053B-3B80-4D20-A712-E5EF43399AE2}.Debug|Any CPU.Build.0 = Debug|Any CPU
		{092D053B-3B80-4D20-A712-E5EF43399AE2}.Release|Any CPU.ActiveCfg = Release|Any CPU
		{092D053B-3B80-4D20-A712-E5EF43399AE2}.Release|Any CPU.Build.0 = Release|Any CPU
		{98238B1B-9970-4536-9454-ACC0CB8FDD71}.Debug|Any CPU.ActiveCfg = Debug|Any CPU
		{98238B1B-9970-4536-9454-ACC0CB8FDD71}.Debug|Any CPU.Build.0 = Debug|Any CPU
		{98238B1B-9970-4536-9454-ACC0CB8FDD71}.Release|Any CPU.ActiveCfg = Release|Any CPU
		{98238B1B-9970-4536-9454-ACC0CB8FDD71}.Release|Any CPU.Build.0 = Release|Any CPU
		{FD6065EE-D5EF-44E9-83A8-BD9BD3A8A2E2}.Debug|Any CPU.ActiveCfg = Debug|Any CPU
		{FD6065EE-D5EF-44E9-83A8-BD9BD3A8A2E2}.Debug|Any CPU.Build.0 = Debug|Any CPU
		{FD6065EE-D5EF-44E9-83A8-BD9BD3A8A2E2}.Release|Any CPU.ActiveCfg = Release|Any CPU
		{FD6065EE-D5EF-44E9-83A8-BD9BD3A8A2E2}.Release|Any CPU.Build.0 = Release|Any CPU
		{4F76C17C-7423-4865-885E-5A0ECDA8A84C}.Debug|Any CPU.ActiveCfg = Debug|Any CPU
		{4F76C17C-7423-4865-885E-5A0ECDA8A84C}.Debug|Any CPU.Build.0 = Debug|Any CPU
		{4F76C17C-7423-4865-885E-5A0ECDA8A84C}.Release|Any CPU.ActiveCfg = Release|Any CPU
		{4F76C17C-7423-4865-885E-5A0ECDA8A84C}.Release|Any CPU.Build.0 = Release|Any CPU
		{840093D2-4523-4496-986B-3C40F8F2D390}.Debug|Any CPU.ActiveCfg = Debug|Any CPU
		{840093D2-4523-4496-986B-3C40F8F2D390}.Debug|Any CPU.Build.0 = Debug|Any CPU
		{840093D2-4523-4496-986B-3C40F8F2D390}.Release|Any CPU.ActiveCfg = Release|Any CPU
		{840093D2-4523-4496-986B-3C40F8F2D390}.Release|Any CPU.Build.0 = Release|Any CPU
		{82E148D7-86EE-45A9-8BE6-D8DE37F52444}.Debug|Any CPU.ActiveCfg = Debug|Any CPU
		{82E148D7-86EE-45A9-8BE6-D8DE37F52444}.Debug|Any CPU.Build.0 = Debug|Any CPU
		{82E148D7-86EE-45A9-8BE6-D8DE37F52444}.Release|Any CPU.ActiveCfg = Release|Any CPU
		{82E148D7-86EE-45A9-8BE6-D8DE37F52444}.Release|Any CPU.Build.0 = Release|Any CPU
	EndGlobalSection
	GlobalSection(SolutionProperties) = preSolution
		HideSolutionNode = FALSE
	EndGlobalSection
	GlobalSection(NestedProjects) = preSolution
		{89ED5125-487E-473B-8BE2-132CA8D8965D} = {C641A235-C83C-453A-84A1-90B1A249C1F3}
		{9BC1B52E-F499-4D86-8735-801E9F294BFE} = {C641A235-C83C-453A-84A1-90B1A249C1F3}
		{769E993F-D6B4-4B93-91AC-576EB3039461} = {C641A235-C83C-453A-84A1-90B1A249C1F3}
		{80C88C06-B4D9-447F-A23F-DFDDCB68965A} = {89ED5125-487E-473B-8BE2-132CA8D8965D}
		{0A607706-426D-446D-8A16-B5F98B0D6DAD} = {80C88C06-B4D9-447F-A23F-DFDDCB68965A}
		{C9DFDFE6-E867-4E9A-8DE1-66784E8238C3} = {89ED5125-487E-473B-8BE2-132CA8D8965D}
		{883438BC-3B8E-4B1C-A009-57D1E8527214} = {9BC1B52E-F499-4D86-8735-801E9F294BFE}
		{092D053B-3B80-4D20-A712-E5EF43399AE2} = {883438BC-3B8E-4B1C-A009-57D1E8527214}
		{883E2A7A-E347-45DC-AD9A-F8C2592CCAB0} = {9BC1B52E-F499-4D86-8735-801E9F294BFE}
		{98238B1B-9970-4536-9454-ACC0CB8FDD71} = {883E2A7A-E347-45DC-AD9A-F8C2592CCAB0}
		{C1387E04-D442-462F-9864-34A15B986BAC} = {89ED5125-487E-473B-8BE2-132CA8D8965D}
		{FD6065EE-D5EF-44E9-83A8-BD9BD3A8A2E2} = {C1387E04-D442-462F-9864-34A15B986BAC}
		{4F76C17C-7423-4865-885E-5A0ECDA8A84C} = {C1387E04-D442-462F-9864-34A15B986BAC}
		{840093D2-4523-4496-986B-3C40F8F2D390} = {C1387E04-D442-462F-9864-34A15B986BAC}
		{82E148D7-86EE-45A9-8BE6-D8DE37F52444} = {C1387E04-D442-462F-9864-34A15B986BAC}
	EndGlobalSection
	GlobalSection(ExtensibilityGlobals) = postSolution
		SolutionGuid = {594AF59B-22AA-48D0-885E-BE07152F7697}
	EndGlobalSection
EndGlobal
