
Microsoft Visual Studio Solution File, Format Version 12.00
# Visual Studio Version 17
VisualStudioVersion = 17.11.35303.130
MinimumVisualStudioVersion = 10.0.40219.1
Project("{2150E333-8FDC-42A3-9474-1A3956D46DE8}") = "src", "src", "{C641A235-C83C-453A-84A1-90B1A249C1F3}"
EndProject
Project("{2150E333-8FDC-42A3-9474-1A3956D46DE8}") = "Services", "Services", "{89ED5125-487E-473B-8BE2-132CA8D8965D}"
EndProject
Project("{2150E333-8FDC-42A3-9474-1A3956D46DE8}") = "Building Blocks", "Building Blocks", "{9BC1B52E-F499-4D86-8735-801E9F294BFE}"
EndProject
Project("{2150E333-8FDC-42A3-9474-1A3956D46DE8}") = "ApiGateway", "ApiGateway", "{769E993F-D6B4-4B93-91AC-576EB3039461}"
EndProject
Project("{2150E333-8FDC-42A3-9474-1A3956D46DE8}") = "Identidade", "Identidade", "{80C88C06-B4D9-447F-A23F-DFDDCB68965A}"
EndProject
Project("{9A19103F-16F7-4668-BE54-9A1E7A4F7556}") = "BTG.Identidade.API", "src\services\BTG.Identidade\BTG.Identidade.API.csproj", "{0A607706-426D-446D-8A16-B5F98B0D6DAD}"
EndProject
Project("{2150E333-8FDC-42A3-9474-1A3956D46DE8}") = "Relatorios", "Relatorios", "{C9DFDFE6-E867-4E9A-8DE1-66784E8238C3}"
EndProject
Project("{2150E333-8FDC-42A3-9474-1A3956D46DE8}") = "Core", "Core", "{883438BC-3B8E-4B1C-A009-57D1E8527214}"
EndProject
Project("{9A19103F-16F7-4668-BE54-9A1E7A4F7556}") = "BTG.Core", "src\building blocks\BTG.Core\BTG.Core.csproj", "{092D053B-3B80-4D20-A712-E5EF43399AE2}"
EndProject
Project("{2150E333-8FDC-42A3-9474-1A3956D46DE8}") = "Services", "Services", "{883E2A7A-E347-45DC-AD9A-F8C2592CCAB0}"
EndProject
Project("{9A19103F-16F7-4668-BE54-9A1E7A4F7556}") = "BTG.WebAPI.Core", "src\building blocks\BTG.WebAPI.Core\BTG.WebAPI.Core.csproj", "{98238B1B-9970-4536-9454-ACC0CB8FDD71}"
EndProject
Project("{2150E333-8FDC-42A3-9474-1A3956D46DE8}") = "Ecommerce", "Ecommerce", "{C1387E04-D442-462F-9864-34A15B986BAC}"
EndProject
Project("{9A19103F-16F7-4668-BE54-9A1E7A4F7556}") = "BTG.Ecommerce.Application", "src\services\BTG.Ecommerce.Application\BTG.Ecommerce.Application.csproj", "{B95C39D3-EB89-492C-A048-945F4C5E89F4}"
EndProject
Project("{9A19103F-16F7-4668-BE54-9A1E7A4F7556}") = "BTG.Ecommerce.Domain", "src\services\BTG.Ecommerce.Domain\BTG.Ecommerce.Domain.csproj", "{E99216BF-7E22-4168-B1D8-84791B482F79}"
EndProject
Project("{9A19103F-16F7-4668-BE54-9A1E7A4F7556}") = "BTG.Ecommerce.Infra", "src\services\BTG.Ecommerce.Infra\BTG.Ecommerce.Infra.csproj", "{AC276D15-3F3C-4C5F-A22C-2C0D6FFF8232}"
EndProject
Project("{9A19103F-16F7-4668-BE54-9A1E7A4F7556}") = "BTG.Ecommerce.API", "src\services\BTG.Ecommerce.API\BTG.Ecommerce.API.csproj", "{C4CF1BED-5FA4-460E-97A9-D41C327ACF0E}"
EndProject
Project("{2150E333-8FDC-42A3-9474-1A3956D46DE8}") = "MessageBus", "MessageBus", "{FC2D71F0-19D7-44CB-9551-339405DB91EC}"
EndProject
Project("{9A19103F-16F7-4668-BE54-9A1E7A4F7556}") = "BTG.MessageBus", "src\building blocks\BTG.MessageBus\BTG.MessageBus.csproj", "{C5364D0D-4BCE-4F7C-9271-9262E1B4C53A}"
EndProject
Project("{2150E333-8FDC-42A3-9474-1A3956D46DE8}") = "Web", "Web", "{94107909-2854-485B-8091-36D96153CA43}"
EndProject
Project("{9A19103F-16F7-4668-BE54-9A1E7A4F7556}") = "BTG.Relatorio.API", "src\services\BTG.Relatorio.API\BTG.Relatorio.API.csproj", "{361F4DFC-065B-4C95-9F32-E4737495B93E}"
EndProject
Project("{2150E333-8FDC-42A3-9474-1A3956D46DE8}") = "Solution Items", "Solution Items", "{EB98E306-EBED-44C9-A44D-E4A5D7D9F7D6}"
	ProjectSection(SolutionItems) = preProject
		README.md = README.md
	EndProjectSection
EndProject
Global
	GlobalSection(SolutionConfigurationPlatforms) = preSolution
		Debug|Any CPU = Debug|Any CPU
		Release|Any CPU = Release|Any CPU
	EndGlobalSection
	GlobalSection(ProjectConfigurationPlatforms) = postSolution
		{0A607706-426D-446D-8A16-B5F98B0D6DAD}.Debug|Any CPU.ActiveCfg = Debug|Any CPU
		{0A607706-426D-446D-8A16-B5F98B0D6DAD}.Debug|Any CPU.Build.0 = Debug|Any CPU
		{0A607706-426D-446D-8A16-B5F98B0D6DAD}.Release|Any CPU.ActiveCfg = Release|Any CPU
		{0A607706-426D-446D-8A16-B5F98B0D6DAD}.Release|Any CPU.Build.0 = Release|Any CPU
		{092D053B-3B80-4D20-A712-E5EF43399AE2}.Debug|Any CPU.ActiveCfg = Debug|Any CPU
		{092D053B-3B80-4D20-A712-E5EF43399AE2}.Debug|Any CPU.Build.0 = Debug|Any CPU
		{092D053B-3B80-4D20-A712-E5EF43399AE2}.Release|Any CPU.ActiveCfg = Release|Any CPU
		{092D053B-3B80-4D20-A712-E5EF43399AE2}.Release|Any CPU.Build.0 = Release|Any CPU
		{98238B1B-9970-4536-9454-ACC0CB8FDD71}.Debug|Any CPU.ActiveCfg = Debug|Any CPU
		{98238B1B-9970-4536-9454-ACC0CB8FDD71}.Debug|Any CPU.Build.0 = Debug|Any CPU
		{98238B1B-9970-4536-9454-ACC0CB8FDD71}.Release|Any CPU.ActiveCfg = Release|Any CPU
		{98238B1B-9970-4536-9454-ACC0CB8FDD71}.Release|Any CPU.Build.0 = Release|Any CPU
		{B95C39D3-EB89-492C-A048-945F4C5E89F4}.Debug|Any CPU.ActiveCfg = Debug|Any CPU
		{B95C39D3-EB89-492C-A048-945F4C5E89F4}.Debug|Any CPU.Build.0 = Debug|Any CPU
		{B95C39D3-EB89-492C-A048-945F4C5E89F4}.Release|Any CPU.ActiveCfg = Release|Any CPU
		{B95C39D3-EB89-492C-A048-945F4C5E89F4}.Release|Any CPU.Build.0 = Release|Any CPU
		{E99216BF-7E22-4168-B1D8-84791B482F79}.Debug|Any CPU.ActiveCfg = Debug|Any CPU
		{E99216BF-7E22-4168-B1D8-84791B482F79}.Debug|Any CPU.Build.0 = Debug|Any CPU
		{E99216BF-7E22-4168-B1D8-84791B482F79}.Release|Any CPU.ActiveCfg = Release|Any CPU
		{E99216BF-7E22-4168-B1D8-84791B482F79}.Release|Any CPU.Build.0 = Release|Any CPU
		{AC276D15-3F3C-4C5F-A22C-2C0D6FFF8232}.Debug|Any CPU.ActiveCfg = Debug|Any CPU
		{AC276D15-3F3C-4C5F-A22C-2C0D6FFF8232}.Debug|Any CPU.Build.0 = Debug|Any CPU
		{AC276D15-3F3C-4C5F-A22C-2C0D6FFF8232}.Release|Any CPU.ActiveCfg = Release|Any CPU
		{AC276D15-3F3C-4C5F-A22C-2C0D6FFF8232}.Release|Any CPU.Build.0 = Release|Any CPU
		{C4CF1BED-5FA4-460E-97A9-D41C327ACF0E}.Debug|Any CPU.ActiveCfg = Debug|Any CPU
		{C4CF1BED-5FA4-460E-97A9-D41C327ACF0E}.Debug|Any CPU.Build.0 = Debug|Any CPU
		{C4CF1BED-5FA4-460E-97A9-D41C327ACF0E}.Release|Any CPU.ActiveCfg = Release|Any CPU
		{C4CF1BED-5FA4-460E-97A9-D41C327ACF0E}.Release|Any CPU.Build.0 = Release|Any CPU
		{C5364D0D-4BCE-4F7C-9271-9262E1B4C53A}.Debug|Any CPU.ActiveCfg = Debug|Any CPU
		{C5364D0D-4BCE-4F7C-9271-9262E1B4C53A}.Debug|Any CPU.Build.0 = Debug|Any CPU
		{C5364D0D-4BCE-4F7C-9271-9262E1B4C53A}.Release|Any CPU.ActiveCfg = Release|Any CPU
		{C5364D0D-4BCE-4F7C-9271-9262E1B4C53A}.Release|Any CPU.Build.0 = Release|Any CPU
		{361F4DFC-065B-4C95-9F32-E4737495B93E}.Debug|Any CPU.ActiveCfg = Debug|Any CPU
		{361F4DFC-065B-4C95-9F32-E4737495B93E}.Debug|Any CPU.Build.0 = Debug|Any CPU
		{361F4DFC-065B-4C95-9F32-E4737495B93E}.Release|Any CPU.ActiveCfg = Release|Any CPU
		{361F4DFC-065B-4C95-9F32-E4737495B93E}.Release|Any CPU.Build.0 = Release|Any CPU
	EndGlobalSection
	GlobalSection(SolutionProperties) = preSolution
		HideSolutionNode = FALSE
	EndGlobalSection
	GlobalSection(NestedProjects) = preSolution
		{89ED5125-487E-473B-8BE2-132CA8D8965D} = {C641A235-C83C-453A-84A1-90B1A249C1F3}
		{9BC1B52E-F499-4D86-8735-801E9F294BFE} = {C641A235-C83C-453A-84A1-90B1A249C1F3}
		{769E993F-D6B4-4B93-91AC-576EB3039461} = {C641A235-C83C-453A-84A1-90B1A249C1F3}
		{80C88C06-B4D9-447F-A23F-DFDDCB68965A} = {89ED5125-487E-473B-8BE2-132CA8D8965D}
		{0A607706-426D-446D-8A16-B5F98B0D6DAD} = {80C88C06-B4D9-447F-A23F-DFDDCB68965A}
		{C9DFDFE6-E867-4E9A-8DE1-66784E8238C3} = {89ED5125-487E-473B-8BE2-132CA8D8965D}
		{883438BC-3B8E-4B1C-A009-57D1E8527214} = {9BC1B52E-F499-4D86-8735-801E9F294BFE}
		{092D053B-3B80-4D20-A712-E5EF43399AE2} = {883438BC-3B8E-4B1C-A009-57D1E8527214}
		{883E2A7A-E347-45DC-AD9A-F8C2592CCAB0} = {9BC1B52E-F499-4D86-8735-801E9F294BFE}
		{98238B1B-9970-4536-9454-ACC0CB8FDD71} = {883E2A7A-E347-45DC-AD9A-F8C2592CCAB0}
		{C1387E04-D442-462F-9864-34A15B986BAC} = {89ED5125-487E-473B-8BE2-132CA8D8965D}
		{B95C39D3-EB89-492C-A048-945F4C5E89F4} = {C1387E04-D442-462F-9864-34A15B986BAC}
		{E99216BF-7E22-4168-B1D8-84791B482F79} = {C1387E04-D442-462F-9864-34A15B986BAC}
		{AC276D15-3F3C-4C5F-A22C-2C0D6FFF8232} = {C1387E04-D442-462F-9864-34A15B986BAC}
		{C4CF1BED-5FA4-460E-97A9-D41C327ACF0E} = {C1387E04-D442-462F-9864-34A15B986BAC}
		{FC2D71F0-19D7-44CB-9551-339405DB91EC} = {9BC1B52E-F499-4D86-8735-801E9F294BFE}
		{C5364D0D-4BCE-4F7C-9271-9262E1B4C53A} = {FC2D71F0-19D7-44CB-9551-339405DB91EC}
		{94107909-2854-485B-8091-36D96153CA43} = {C641A235-C83C-453A-84A1-90B1A249C1F3}
		{361F4DFC-065B-4C95-9F32-E4737495B93E} = {C9DFDFE6-E867-4E9A-8DE1-66784E8238C3}
	EndGlobalSection
	GlobalSection(ExtensibilityGlobals) = postSolution
		SolutionGuid = {594AF59B-22AA-48D0-885E-BE07152F7697}
	EndGlobalSection
EndGlobal
